
Microsoft Visual Studio Solution File, Format Version 12.00
# Visual Studio Version 16
VisualStudioVersion = 16.0.30204.135
MinimumVisualStudioVersion = 10.0.40219.1
Project("{FAE04EC0-301F-11D3-BF4B-00C04F79EFBC}") = "NestedObjects", "NestedObjects\NestedObjects.csproj", "{1214F22D-19D7-45FE-A1EC-490D23F01471}"
EndProject
Project("{FAE04EC0-301F-11D3-BF4B-00C04F79EFBC}") = "NestedUnitTest", "NestedUnitTest\NestedUnitTest.csproj", "{87E8E451-AE6B-401A-8E25-2BAF2189F920}"
EndProject
Global
	GlobalSection(SolutionConfigurationPlatforms) = preSolution
		Debug|Any CPU = Debug|Any CPU
		Release|Any CPU = Release|Any CPU
	EndGlobalSection
	GlobalSection(ProjectConfigurationPlatforms) = postSolution
		{1214F22D-19D7-45FE-A1EC-490D23F01471}.Debug|Any CPU.ActiveCfg = Debug|Any CPU
		{1214F22D-19D7-45FE-A1EC-490D23F01471}.Debug|Any CPU.Build.0 = Debug|Any CPU
		{1214F22D-19D7-45FE-A1EC-490D23F01471}.Release|Any CPU.ActiveCfg = Release|Any CPU
		{1214F22D-19D7-45FE-A1EC-490D23F01471}.Release|Any CPU.Build.0 = Release|Any CPU
		{87E8E451-AE6B-401A-8E25-2BAF2189F920}.Debug|Any CPU.ActiveCfg = Debug|Any CPU
		{87E8E451-AE6B-401A-8E25-2BAF2189F920}.Debug|Any CPU.Build.0 = Debug|Any CPU
		{87E8E451-AE6B-401A-8E25-2BAF2189F920}.Release|Any CPU.ActiveCfg = Release|Any CPU
		{87E8E451-AE6B-401A-8E25-2BAF2189F920}.Release|Any CPU.Build.0 = Release|Any CPU
	EndGlobalSection
	GlobalSection(SolutionProperties) = preSolution
		HideSolutionNode = FALSE
	EndGlobalSection
	GlobalSection(ExtensibilityGlobals) = postSolution
		SolutionGuid = {AC817E8E-D5AB-410E-BBA0-01A2A61852AC}
	EndGlobalSection
EndGlobal
